
Microsoft Visual Studio Solution File, Format Version 12.00
# Visual Studio 15
VisualStudioVersion = 15.0.26730.12
MinimumVisualStudioVersion = 10.0.40219.1
Project("{FAE04EC0-301F-11D3-BF4B-00C04F79EFBC}") = "graphics_editor", "graphics_editor\graphics_editor.csproj", "{2631A700-7C15-4640-8B2F-2D4317A1A78D}"
EndProject
Global
	GlobalSection(SolutionConfigurationPlatforms) = preSolution
		Debug|Any CPU = Debug|Any CPU
		Release|Any CPU = Release|Any CPU
	EndGlobalSection
	GlobalSection(ProjectConfigurationPlatforms) = postSolution
		{2631A700-7C15-4640-8B2F-2D4317A1A78D}.Debug|Any CPU.ActiveCfg = Debug|Any CPU
		{2631A700-7C15-4640-8B2F-2D4317A1A78D}.Debug|Any CPU.Build.0 = Debug|Any CPU
		{2631A700-7C15-4640-8B2F-2D4317A1A78D}.Release|Any CPU.ActiveCfg = Release|Any CPU
		{2631A700-7C15-4640-8B2F-2D4317A1A78D}.Release|Any CPU.Build.0 = Release|Any CPU
	EndGlobalSection
	GlobalSection(SolutionProperties) = preSolution
		HideSolutionNode = FALSE
	EndGlobalSection
	GlobalSection(ExtensibilityGlobals) = postSolution
		SolutionGuid = {1D9F9C28-0827-4550-8D35-4C0C7AF7F8D5}
	EndGlobalSection
EndGlobal
